{
  "lockFileVersion": 24,
  "registryFileHashes": {},
  "selectedYankedVersions": {},
  "moduleExtensions": {
    "@@aspect_bazel_lib+//lib:extensions.bzl%toolchains": {
      "general": {
        "bzlTransitiveDigest": "gLHFItk7qfacFQG6pHSxJHqN20S8u9buUHsSKC24tag=",
        "usagesDigest": "48pt3/3RelitT56Wlk1gZgw1BTGxmhuHsLeIMcF7eP4=",
        "recordedFileInputs": {},
        "recordedDirentsInputs": {},
        "envVariables": {},
        "generatedRepoSpecs": {
          "copy_directory_darwin_amd64": {
            "repoRuleId": "@@aspect_bazel_lib+//lib/private:copy_directory_toolchain.bzl%copy_directory_platform_repo",
            "attributes": {
              "platform": "darwin_amd64"
            }
          },
          "copy_directory_darwin_arm64": {
            "repoRuleId": "@@aspect_bazel_lib+//lib/private:copy_directory_toolchain.bzl%copy_directory_platform_repo",
            "attributes": {
              "platform": "darwin_arm64"
            }
          },
          "copy_directory_freebsd_amd64": {
            "repoRuleId": "@@aspect_bazel_lib+//lib/private:copy_directory_toolchain.bzl%copy_directory_platform_repo",
            "attributes": {
              "platform": "freebsd_amd64"
            }
          },
          "copy_directory_linux_amd64": {
            "repoRuleId": "@@aspect_bazel_lib+//lib/private:copy_directory_toolchain.bzl%copy_directory_platform_repo",
            "attributes": {
              "platform": "linux_amd64"
            }
          },
          "copy_directory_linux_arm64": {
            "repoRuleId": "@@aspect_bazel_lib+//lib/private:copy_directory_toolchain.bzl%copy_directory_platform_repo",
            "attributes": {
              "platform": "linux_arm64"
            }
          },
          "copy_directory_windows_amd64": {
            "repoRuleId": "@@aspect_bazel_lib+//lib/private:copy_directory_toolchain.bzl%copy_directory_platform_repo",
            "attributes": {
              "platform": "windows_amd64"
            }
          },
          "copy_directory_toolchains": {
            "repoRuleId": "@@aspect_bazel_lib+//lib/private:copy_directory_toolchain.bzl%copy_directory_toolchains_repo",
            "attributes": {
              "user_repository_name": "copy_directory"
            }
          },
          "copy_to_directory_darwin_amd64": {
            "repoRuleId": "@@aspect_bazel_lib+//lib/private:copy_to_directory_toolchain.bzl%copy_to_directory_platform_repo",
            "attributes": {
              "platform": "darwin_amd64"
            }
          },
          "copy_to_directory_darwin_arm64": {
            "repoRuleId": "@@aspect_bazel_lib+//lib/private:copy_to_directory_toolchain.bzl%copy_to_directory_platform_repo",
            "attributes": {
              "platform": "darwin_arm64"
            }
          },
          "copy_to_directory_freebsd_amd64": {
            "repoRuleId": "@@aspect_bazel_lib+//lib/private:copy_to_directory_toolchain.bzl%copy_to_directory_platform_repo",
            "attributes": {
              "platform": "freebsd_amd64"
            }
          },
          "copy_to_directory_linux_amd64": {
            "repoRuleId": "@@aspect_bazel_lib+//lib/private:copy_to_directory_toolchain.bzl%copy_to_directory_platform_repo",
            "attributes": {
              "platform": "linux_amd64"
            }
          },
          "copy_to_directory_linux_arm64": {
            "repoRuleId": "@@aspect_bazel_lib+//lib/private:copy_to_directory_toolchain.bzl%copy_to_directory_platform_repo",
            "attributes": {
              "platform": "linux_arm64"
            }
          },
          "copy_to_directory_windows_amd64": {
            "repoRuleId": "@@aspect_bazel_lib+//lib/private:copy_to_directory_toolchain.bzl%copy_to_directory_platform_repo",
            "attributes": {
              "platform": "windows_amd64"
            }
          },
          "copy_to_directory_toolchains": {
            "repoRuleId": "@@aspect_bazel_lib+//lib/private:copy_to_directory_toolchain.bzl%copy_to_directory_toolchains_repo",
            "attributes": {
              "user_repository_name": "copy_to_directory"
            }
          },
          "jq_darwin_amd64": {
            "repoRuleId": "@@aspect_bazel_lib+//lib/private:jq_toolchain.bzl%jq_platform_repo",
            "attributes": {
              "platform": "darwin_amd64",
              "version": "1.7"
            }
          },
          "jq_darwin_arm64": {
            "repoRuleId": "@@aspect_bazel_lib+//lib/private:jq_toolchain.bzl%jq_platform_repo",
            "attributes": {
              "platform": "darwin_arm64",
              "version": "1.7"
            }
          },
          "jq_linux_amd64": {
            "repoRuleId": "@@aspect_bazel_lib+//lib/private:jq_toolchain.bzl%jq_platform_repo",
            "attributes": {
              "platform": "linux_amd64",
              "version": "1.7"
            }
          },
          "jq_linux_arm64": {
            "repoRuleId": "@@aspect_bazel_lib+//lib/private:jq_toolchain.bzl%jq_platform_repo",
            "attributes": {
              "platform": "linux_arm64",
              "version": "1.7"
            }
          },
          "jq_windows_amd64": {
            "repoRuleId": "@@aspect_bazel_lib+//lib/private:jq_toolchain.bzl%jq_platform_repo",
            "attributes": {
              "platform": "windows_amd64",
              "version": "1.7"
            }
          },
          "jq": {
            "repoRuleId": "@@aspect_bazel_lib+//lib/private:jq_toolchain.bzl%jq_host_alias_repo",
            "attributes": {}
          },
          "jq_toolchains": {
            "repoRuleId": "@@aspect_bazel_lib+//lib/private:jq_toolchain.bzl%jq_toolchains_repo",
            "attributes": {
              "user_repository_name": "jq"
            }
          },
          "yq_darwin_amd64": {
            "repoRuleId": "@@aspect_bazel_lib+//lib/private:yq_toolchain.bzl%yq_platform_repo",
            "attributes": {
              "platform": "darwin_amd64",
              "version": "4.25.2"
            }
          },
          "yq_darwin_arm64": {
            "repoRuleId": "@@aspect_bazel_lib+//lib/private:yq_toolchain.bzl%yq_platform_repo",
            "attributes": {
              "platform": "darwin_arm64",
              "version": "4.25.2"
            }
          },
          "yq_linux_amd64": {
            "repoRuleId": "@@aspect_bazel_lib+//lib/private:yq_toolchain.bzl%yq_platform_repo",
            "attributes": {
              "platform": "linux_amd64",
              "version": "4.25.2"
            }
          },
          "yq_linux_arm64": {
            "repoRuleId": "@@aspect_bazel_lib+//lib/private:yq_toolchain.bzl%yq_platform_repo",
            "attributes": {
              "platform": "linux_arm64",
              "version": "4.25.2"
            }
          },
          "yq_linux_s390x": {
            "repoRuleId": "@@aspect_bazel_lib+//lib/private:yq_toolchain.bzl%yq_platform_repo",
            "attributes": {
              "platform": "linux_s390x",
              "version": "4.25.2"
            }
          },
          "yq_linux_ppc64le": {
            "repoRuleId": "@@aspect_bazel_lib+//lib/private:yq_toolchain.bzl%yq_platform_repo",
            "attributes": {
              "platform": "linux_ppc64le",
              "version": "4.25.2"
            }
          },
          "yq_windows_amd64": {
            "repoRuleId": "@@aspect_bazel_lib+//lib/private:yq_toolchain.bzl%yq_platform_repo",
            "attributes": {
              "platform": "windows_amd64",
              "version": "4.25.2"
            }
          },
          "yq": {
            "repoRuleId": "@@aspect_bazel_lib+//lib/private:yq_toolchain.bzl%yq_host_alias_repo",
            "attributes": {}
          },
          "yq_toolchains": {
            "repoRuleId": "@@aspect_bazel_lib+//lib/private:yq_toolchain.bzl%yq_toolchains_repo",
            "attributes": {
              "user_repository_name": "yq"
            }
          },
          "coreutils_darwin_amd64": {
            "repoRuleId": "@@aspect_bazel_lib+//lib/private:coreutils_toolchain.bzl%coreutils_platform_repo",
            "attributes": {
              "platform": "darwin_amd64",
              "version": "0.0.23"
            }
          },
          "coreutils_darwin_arm64": {
            "repoRuleId": "@@aspect_bazel_lib+//lib/private:coreutils_toolchain.bzl%coreutils_platform_repo",
            "attributes": {
              "platform": "darwin_arm64",
              "version": "0.0.23"
            }
          },
          "coreutils_linux_amd64": {
            "repoRuleId": "@@aspect_bazel_lib+//lib/private:coreutils_toolchain.bzl%coreutils_platform_repo",
            "attributes": {
              "platform": "linux_amd64",
              "version": "0.0.23"
            }
          },
          "coreutils_linux_arm64": {
            "repoRuleId": "@@aspect_bazel_lib+//lib/private:coreutils_toolchain.bzl%coreutils_platform_repo",
            "attributes": {
              "platform": "linux_arm64",
              "version": "0.0.23"
            }
          },
          "coreutils_windows_amd64": {
            "repoRuleId": "@@aspect_bazel_lib+//lib/private:coreutils_toolchain.bzl%coreutils_platform_repo",
            "attributes": {
              "platform": "windows_amd64",
              "version": "0.0.23"
            }
          },
          "coreutils_toolchains": {
            "repoRuleId": "@@aspect_bazel_lib+//lib/private:coreutils_toolchain.bzl%coreutils_toolchains_repo",
            "attributes": {
              "user_repository_name": "coreutils"
            }
          },
          "bsd_tar_darwin_amd64": {
            "repoRuleId": "@@aspect_bazel_lib+//lib/private:tar_toolchain.bzl%bsdtar_binary_repo",
            "attributes": {
              "platform": "darwin_amd64"
            }
          },
          "bsd_tar_darwin_arm64": {
            "repoRuleId": "@@aspect_bazel_lib+//lib/private:tar_toolchain.bzl%bsdtar_binary_repo",
            "attributes": {
              "platform": "darwin_arm64"
            }
          },
          "bsd_tar_linux_amd64": {
            "repoRuleId": "@@aspect_bazel_lib+//lib/private:tar_toolchain.bzl%bsdtar_binary_repo",
            "attributes": {
              "platform": "linux_amd64"
            }
          },
          "bsd_tar_linux_arm64": {
            "repoRuleId": "@@aspect_bazel_lib+//lib/private:tar_toolchain.bzl%bsdtar_binary_repo",
            "attributes": {
              "platform": "linux_arm64"
            }
          },
          "bsd_tar_windows_amd64": {
            "repoRuleId": "@@aspect_bazel_lib+//lib/private:tar_toolchain.bzl%bsdtar_binary_repo",
            "attributes": {
              "platform": "windows_amd64"
            }
          },
          "bsd_tar_toolchains": {
            "repoRuleId": "@@aspect_bazel_lib+//lib/private:tar_toolchain.bzl%tar_toolchains_repo",
            "attributes": {
              "user_repository_name": "bsd_tar"
            }
          },
          "expand_template_darwin_amd64": {
            "repoRuleId": "@@aspect_bazel_lib+//lib/private:expand_template_toolchain.bzl%expand_template_platform_repo",
            "attributes": {
              "platform": "darwin_amd64"
            }
          },
          "expand_template_darwin_arm64": {
            "repoRuleId": "@@aspect_bazel_lib+//lib/private:expand_template_toolchain.bzl%expand_template_platform_repo",
            "attributes": {
              "platform": "darwin_arm64"
            }
          },
          "expand_template_freebsd_amd64": {
            "repoRuleId": "@@aspect_bazel_lib+//lib/private:expand_template_toolchain.bzl%expand_template_platform_repo",
            "attributes": {
              "platform": "freebsd_amd64"
            }
          },
          "expand_template_linux_amd64": {
            "repoRuleId": "@@aspect_bazel_lib+//lib/private:expand_template_toolchain.bzl%expand_template_platform_repo",
            "attributes": {
              "platform": "linux_amd64"
            }
          },
          "expand_template_linux_arm64": {
            "repoRuleId": "@@aspect_bazel_lib+//lib/private:expand_template_toolchain.bzl%expand_template_platform_repo",
            "attributes": {
              "platform": "linux_arm64"
            }
          },
          "expand_template_windows_amd64": {
            "repoRuleId": "@@aspect_bazel_lib+//lib/private:expand_template_toolchain.bzl%expand_template_platform_repo",
            "attributes": {
              "platform": "windows_amd64"
            }
          },
          "expand_template_toolchains": {
            "repoRuleId": "@@aspect_bazel_lib+//lib/private:expand_template_toolchain.bzl%expand_template_toolchains_repo",
            "attributes": {
              "user_repository_name": "expand_template"
            }
          },
          "bats_support": {
            "repoRuleId": "@@bazel_tools//tools/build_defs/repo:http.bzl%http_archive",
            "attributes": {
              "sha256": "7815237aafeb42ddcc1b8c698fc5808026d33317d8701d5ec2396e9634e2918f",
              "urls": [
                "https://github.com/bats-core/bats-support/archive/v0.3.0.tar.gz"
              ],
              "strip_prefix": "bats-support-0.3.0",
              "build_file_content": "load(\"@aspect_bazel_lib//lib:copy_to_directory.bzl\", \"copy_to_directory\")\n\ncopy_to_directory(\n    name = \"support\",\n    hardlink = \"on\",\n    srcs = glob([\n        \"src/**\",\n        \"load.bash\",\n    ]),\n    out = \"bats-support\",\n    visibility = [\"//visibility:public\"]\n)\n"
            }
          },
          "bats_assert": {
            "repoRuleId": "@@bazel_tools//tools/build_defs/repo:http.bzl%http_archive",
            "attributes": {
              "sha256": "98ca3b685f8b8993e48ec057565e6e2abcc541034ed5b0e81f191505682037fd",
              "urls": [
                "https://github.com/bats-core/bats-assert/archive/v2.1.0.tar.gz"
              ],
              "strip_prefix": "bats-assert-2.1.0",
              "build_file_content": "load(\"@aspect_bazel_lib//lib:copy_to_directory.bzl\", \"copy_to_directory\")\n\ncopy_to_directory(\n    name = \"assert\",\n    hardlink = \"on\",\n    srcs = glob([\n        \"src/**\",\n        \"load.bash\",\n    ]),\n    out = \"bats-assert\",\n    visibility = [\"//visibility:public\"]\n)\n"
            }
          },
          "bats_file": {
            "repoRuleId": "@@bazel_tools//tools/build_defs/repo:http.bzl%http_archive",
            "attributes": {
              "sha256": "9b69043241f3af1c2d251f89b4fcafa5df3f05e97b89db18d7c9bdf5731bb27a",
              "urls": [
                "https://github.com/bats-core/bats-file/archive/v0.4.0.tar.gz"
              ],
              "strip_prefix": "bats-file-0.4.0",
              "build_file_content": "load(\"@aspect_bazel_lib//lib:copy_to_directory.bzl\", \"copy_to_directory\")\n\ncopy_to_directory(\n    name = \"file\",\n    hardlink = \"on\",\n    srcs = glob([\n        \"src/**\",\n        \"load.bash\",\n    ]),\n    out = \"bats-file\",\n    visibility = [\"//visibility:public\"]\n)\n"
            }
          },
          "bats_toolchains": {
            "repoRuleId": "@@bazel_tools//tools/build_defs/repo:http.bzl%http_archive",
            "attributes": {
              "sha256": "a1a9f7875aa4b6a9480ca384d5865f1ccf1b0b1faead6b47aa47d79709a5c5fd",
              "urls": [
                "https://github.com/bats-core/bats-core/archive/v1.10.0.tar.gz"
              ],
              "strip_prefix": "bats-core-1.10.0",
              "build_file_content": "load(\"@local_config_platform//:constraints.bzl\", \"HOST_CONSTRAINTS\")\nload(\"@aspect_bazel_lib//lib/private:bats_toolchain.bzl\", \"bats_toolchain\")\nload(\"@aspect_bazel_lib//lib:copy_to_directory.bzl\", \"copy_to_directory\")\n\ncopy_to_directory(\n    name = \"core\",\n    hardlink = \"on\",\n    srcs = glob([\n        \"lib/**\",\n        \"libexec/**\"\n    ]) + [\"bin/bats\"],\n    out = \"bats-core\",\n)\n\nbats_toolchain(\n    name = \"toolchain\",\n    core = \":core\",\n    libraries = [\"@bats_support//:support\", \"@bats_assert//:assert\", \"@bats_file//:file\"]\n)\n\ntoolchain(\n    name = \"bats_toolchain\",\n    exec_compatible_with = HOST_CONSTRAINTS,\n    toolchain = \":toolchain\",\n    toolchain_type = \"@aspect_bazel_lib//lib:bats_toolchain_type\",\n)\n"
            }
          }
        },
        "recordedRepoMappingEntries": [
          [
            "aspect_bazel_lib+",
            "aspect_bazel_lib",
            "aspect_bazel_lib+"
          ],
          [
            "aspect_bazel_lib+",
            "bazel_skylib",
            "bazel_skylib+"
          ],
          [
            "aspect_bazel_lib+",
            "bazel_tools",
            "bazel_tools"
          ]
        ]
      }
    },
    "@@rules_fuzzing+//fuzzing/private:extensions.bzl%non_module_dependencies": {
      "general": {
        "bzlTransitiveDigest": "WHRlQQnxW7e7XMRBhq7SARkDarLDOAbg6iLaJpk5QYM=",
        "usagesDigest": "wy6ISK6UOcBEjj/mvJ/S3WeXoO67X+1llb9yPyFtPgc=",
        "recordedFileInputs": {},
        "recordedDirentsInputs": {},
        "envVariables": {},
        "generatedRepoSpecs": {
          "platforms": {
            "repoRuleId": "@@bazel_tools//tools/build_defs/repo:http.bzl%http_archive",
            "attributes": {
              "urls": [
                "https://mirror.bazel.build/github.com/bazelbuild/platforms/releases/download/0.0.8/platforms-0.0.8.tar.gz",
                "https://github.com/bazelbuild/platforms/releases/download/0.0.8/platforms-0.0.8.tar.gz"
              ],
              "sha256": "8150406605389ececb6da07cbcb509d5637a3ab9a24bc69b1101531367d89d74"
            }
          },
          "rules_python": {
            "repoRuleId": "@@bazel_tools//tools/build_defs/repo:http.bzl%http_archive",
            "attributes": {
              "sha256": "d70cd72a7a4880f0000a6346253414825c19cdd40a28289bdf67b8e6480edff8",
              "strip_prefix": "rules_python-0.28.0",
              "url": "https://github.com/bazelbuild/rules_python/releases/download/0.28.0/rules_python-0.28.0.tar.gz"
            }
          },
          "bazel_skylib": {
            "repoRuleId": "@@bazel_tools//tools/build_defs/repo:http.bzl%http_archive",
            "attributes": {
              "sha256": "cd55a062e763b9349921f0f5db8c3933288dc8ba4f76dd9416aac68acee3cb94",
              "urls": [
                "https://mirror.bazel.build/github.com/bazelbuild/bazel-skylib/releases/download/1.5.0/bazel-skylib-1.5.0.tar.gz",
                "https://github.com/bazelbuild/bazel-skylib/releases/download/1.5.0/bazel-skylib-1.5.0.tar.gz"
              ]
            }
          },
          "com_google_absl": {
            "repoRuleId": "@@bazel_tools//tools/build_defs/repo:http.bzl%http_archive",
            "attributes": {
              "urls": [
                "https://github.com/abseil/abseil-cpp/archive/refs/tags/20240116.1.zip"
              ],
              "strip_prefix": "abseil-cpp-20240116.1",
              "integrity": "sha256-7capMWOvWyoYbUaHF/b+I2U6XLMaHmky8KugWvfXYuk="
            }
          },
          "rules_fuzzing_oss_fuzz": {
            "repoRuleId": "@@rules_fuzzing+//fuzzing/private/oss_fuzz:repository.bzl%oss_fuzz_repository",
            "attributes": {}
          },
          "honggfuzz": {
            "repoRuleId": "@@bazel_tools//tools/build_defs/repo:http.bzl%http_archive",
            "attributes": {
              "build_file": "@@rules_fuzzing+//:honggfuzz.BUILD",
              "sha256": "6b18ba13bc1f36b7b950c72d80f19ea67fbadc0ac0bb297ec89ad91f2eaa423e",
              "url": "https://github.com/google/honggfuzz/archive/2.5.zip",
              "strip_prefix": "honggfuzz-2.5"
            }
          },
          "rules_fuzzing_jazzer": {
            "repoRuleId": "@@bazel_tools//tools/build_defs/repo:http.bzl%http_jar",
            "attributes": {
              "sha256": "ee6feb569d88962d59cb59e8a31eb9d007c82683f3ebc64955fd5b96f277eec2",
              "url": "https://repo1.maven.org/maven2/com/code-intelligence/jazzer/0.20.1/jazzer-0.20.1.jar"
            }
          },
          "rules_fuzzing_jazzer_api": {
            "repoRuleId": "@@bazel_tools//tools/build_defs/repo:http.bzl%http_jar",
            "attributes": {
              "sha256": "f5a60242bc408f7fa20fccf10d6c5c5ea1fcb3c6f44642fec5af88373ae7aa1b",
              "url": "https://repo1.maven.org/maven2/com/code-intelligence/jazzer-api/0.20.1/jazzer-api-0.20.1.jar"
            }
          }
        },
        "recordedRepoMappingEntries": [
          [
            "rules_fuzzing+",
            "bazel_tools",
            "bazel_tools"
          ]
        ]
      }
    },
    "@@rules_kotlin+//src/main/starlark/core/repositories:bzlmod_setup.bzl%rules_kotlin_extensions": {
      "general": {
        "bzlTransitiveDigest": "rL/34P1aFDq2GqVC2zCFgQ8nTuOC6ziogocpvG50Qz8=",
        "usagesDigest": "QI2z8ZUR+mqtbwsf2fLqYdJAkPOHdOV+tF2yVAUgRzw=",
        "recordedFileInputs": {},
        "recordedDirentsInputs": {},
        "envVariables": {},
        "generatedRepoSpecs": {
          "com_github_jetbrains_kotlin_git": {
            "repoRuleId": "@@rules_kotlin+//src/main/starlark/core/repositories:compiler.bzl%kotlin_compiler_git_repository",
            "attributes": {
              "urls": [
                "https://github.com/JetBrains/kotlin/releases/download/v1.9.23/kotlin-compiler-1.9.23.zip"
              ],
              "sha256": "93137d3aab9afa9b27cb06a824c2324195c6b6f6179d8a8653f440f5bd58be88"
            }
          },
          "com_github_jetbrains_kotlin": {
            "repoRuleId": "@@rules_kotlin+//src/main/starlark/core/repositories:compiler.bzl%kotlin_capabilities_repository",
            "attributes": {
              "git_repository_name": "com_github_jetbrains_kotlin_git",
              "compiler_version": "1.9.23"
            }
          },
          "com_github_google_ksp": {
            "repoRuleId": "@@rules_kotlin+//src/main/starlark/core/repositories:ksp.bzl%ksp_compiler_plugin_repository",
            "attributes": {
              "urls": [
                "https://github.com/google/ksp/releases/download/1.9.23-1.0.20/artifacts.zip"
              ],
              "sha256": "ee0618755913ef7fd6511288a232e8fad24838b9af6ea73972a76e81053c8c2d",
              "strip_version": "1.9.23-1.0.20"
            }
          },
          "com_github_pinterest_ktlint": {
            "repoRuleId": "@@bazel_tools//tools/build_defs/repo:http.bzl%http_file",
            "attributes": {
              "sha256": "01b2e0ef893383a50dbeb13970fe7fa3be36ca3e83259e01649945b09d736985",
              "urls": [
                "https://github.com/pinterest/ktlint/releases/download/1.3.0/ktlint"
              ],
              "executable": true
            }
          },
          "rules_android": {
            "repoRuleId": "@@bazel_tools//tools/build_defs/repo:http.bzl%http_archive",
            "attributes": {
              "sha256": "cd06d15dd8bb59926e4d65f9003bfc20f9da4b2519985c27e190cddc8b7a7806",
              "strip_prefix": "rules_android-0.1.1",
              "urls": [
                "https://github.com/bazelbuild/rules_android/archive/v0.1.1.zip"
              ]
            }
          }
        },
        "recordedRepoMappingEntries": [
          [
            "rules_kotlin+",
            "bazel_tools",
            "bazel_tools"
          ]
        ]
      }
    }
  },
  "facts": {}
}
